
Microsoft Visual Studio Solution File, Format Version 12.00
Project("{FAE04EC0-301F-11D3-BF4B-00C04F79EFBC}") = "Stonks", "Stonks\Stonks.csproj", "{4544B583-B185-4A0D-99EE-94821DC6F11B}"
EndProject
Project("{FAE04EC0-301F-11D3-BF4B-00C04F79EFBC}") = "Stonks.Android", "Stonks.Android\Stonks.Android.csproj", "{0BED564B-1D80-4275-BEFE-8E9094595DB0}"
EndProject
Project("{FAE04EC0-301F-11D3-BF4B-00C04F79EFBC}") = "Stonks.iOS", "Stonks.iOS\Stonks.iOS.csproj", "{5EA5CB3B-2726-4643-9520-B467491FC47D}"
EndProject
Global
	GlobalSection(SolutionConfigurationPlatforms) = preSolution
		Ad-Hoc|iPhone = Ad-Hoc|iPhone
		AppStore|iPhone = AppStore|iPhone
		Debug|Any CPU = Debug|Any CPU
		Debug|iPhone = Debug|iPhone
		Debug|iPhoneSimulator = Debug|iPhoneSimulator
		Release|Any CPU = Release|Any CPU
		Release|iPhone = Release|iPhone
		Release|iPhoneSimulator = Release|iPhoneSimulator
	EndGlobalSection
	GlobalSection(ProjectConfigurationPlatforms) = postSolution
		{4544B583-B185-4A0D-99EE-94821DC6F11B}.Ad-Hoc|iPhone.ActiveCfg = Debug|Any CPU
		{4544B583-B185-4A0D-99EE-94821DC6F11B}.Ad-Hoc|iPhone.Build.0 = Debug|Any CPU
		{4544B583-B185-4A0D-99EE-94821DC6F11B}.AppStore|iPhone.ActiveCfg = Debug|Any CPU
		{4544B583-B185-4A0D-99EE-94821DC6F11B}.AppStore|iPhone.Build.0 = Debug|Any CPU
		{4544B583-B185-4A0D-99EE-94821DC6F11B}.Debug|Any CPU.ActiveCfg = Debug|Any CPU
		{4544B583-B185-4A0D-99EE-94821DC6F11B}.Debug|Any CPU.Build.0 = Debug|Any CPU
		{4544B583-B185-4A0D-99EE-94821DC6F11B}.Debug|iPhone.ActiveCfg = Debug|Any CPU
		{4544B583-B185-4A0D-99EE-94821DC6F11B}.Debug|iPhone.Build.0 = Debug|Any CPU
		{4544B583-B185-4A0D-99EE-94821DC6F11B}.Debug|iPhoneSimulator.ActiveCfg = Debug|Any CPU
		{4544B583-B185-4A0D-99EE-94821DC6F11B}.Debug|iPhoneSimulator.Build.0 = Debug|Any CPU
		{4544B583-B185-4A0D-99EE-94821DC6F11B}.Release|Any CPU.ActiveCfg = Release|Any CPU
		{4544B583-B185-4A0D-99EE-94821DC6F11B}.Release|Any CPU.Build.0 = Release|Any CPU
		{4544B583-B185-4A0D-99EE-94821DC6F11B}.Release|iPhone.ActiveCfg = Release|Any CPU
		{4544B583-B185-4A0D-99EE-94821DC6F11B}.Release|iPhone.Build.0 = Release|Any CPU
		{4544B583-B185-4A0D-99EE-94821DC6F11B}.Release|iPhoneSimulator.ActiveCfg = Release|Any CPU
		{4544B583-B185-4A0D-99EE-94821DC6F11B}.Release|iPhoneSimulator.Build.0 = Release|Any CPU
		{0BED564B-1D80-4275-BEFE-8E9094595DB0}.Ad-Hoc|iPhone.ActiveCfg = Debug|Any CPU
		{0BED564B-1D80-4275-BEFE-8E9094595DB0}.Ad-Hoc|iPhone.Build.0 = Debug|Any CPU
		{0BED564B-1D80-4275-BEFE-8E9094595DB0}.Ad-Hoc|iPhone.Deploy.0 = Debug|Any CPU
		{0BED564B-1D80-4275-BEFE-8E9094595DB0}.AppStore|iPhone.ActiveCfg = Debug|Any CPU
		{0BED564B-1D80-4275-BEFE-8E9094595DB0}.AppStore|iPhone.Build.0 = Debug|Any CPU
		{0BED564B-1D80-4275-BEFE-8E9094595DB0}.AppStore|iPhone.Deploy.0 = Debug|Any CPU
		{0BED564B-1D80-4275-BEFE-8E9094595DB0}.Debug|Any CPU.ActiveCfg = Debug|Any CPU
		{0BED564B-1D80-4275-BEFE-8E9094595DB0}.Debug|Any CPU.Build.0 = Debug|Any CPU
		{0BED564B-1D80-4275-BEFE-8E9094595DB0}.Debug|Any CPU.Deploy.0 = Debug|Any CPU
		{0BED564B-1D80-4275-BEFE-8E9094595DB0}.Debug|iPhone.ActiveCfg = Debug|Any CPU
		{0BED564B-1D80-4275-BEFE-8E9094595DB0}.Debug|iPhone.Build.0 = Debug|Any CPU
		{0BED564B-1D80-4275-BEFE-8E9094595DB0}.Debug|iPhone.Deploy.0 = Debug|Any CPU
		{0BED564B-1D80-4275-BEFE-8E9094595DB0}.Debug|iPhoneSimulator.ActiveCfg = Debug|Any CPU
		{0BED564B-1D80-4275-BEFE-8E9094595DB0}.Debug|iPhoneSimulator.Build.0 = Debug|Any CPU
		{0BED564B-1D80-4275-BEFE-8E9094595DB0}.Debug|iPhoneSimulator.Deploy.0 = Debug|Any CPU
		{0BED564B-1D80-4275-BEFE-8E9094595DB0}.Release|Any CPU.ActiveCfg = Release|Any CPU
		{0BED564B-1D80-4275-BEFE-8E9094595DB0}.Release|Any CPU.Build.0 = Release|Any CPU
		{0BED564B-1D80-4275-BEFE-8E9094595DB0}.Release|Any CPU.Deploy.0 = Release|Any CPU
		{0BED564B-1D80-4275-BEFE-8E9094595DB0}.Release|iPhone.ActiveCfg = Release|Any CPU
		{0BED564B-1D80-4275-BEFE-8E9094595DB0}.Release|iPhone.Build.0 = Release|Any CPU
		{0BED564B-1D80-4275-BEFE-8E9094595DB0}.Release|iPhone.Deploy.0 = Release|Any CPU
		{0BED564B-1D80-4275-BEFE-8E9094595DB0}.Release|iPhoneSimulator.ActiveCfg = Release|Any CPU
		{0BED564B-1D80-4275-BEFE-8E9094595DB0}.Release|iPhoneSimulator.Build.0 = Release|Any CPU
		{0BED564B-1D80-4275-BEFE-8E9094595DB0}.Release|iPhoneSimulator.Deploy.0 = Release|Any CPU
		{5EA5CB3B-2726-4643-9520-B467491FC47D}.Ad-Hoc|iPhone.ActiveCfg = Ad-Hoc|iPhone
		{5EA5CB3B-2726-4643-9520-B467491FC47D}.Ad-Hoc|iPhone.Build.0 = Ad-Hoc|iPhone
		{5EA5CB3B-2726-4643-9520-B467491FC47D}.Ad-Hoc|iPhone.Deploy.0 = Ad-Hoc|iPhone
		{5EA5CB3B-2726-4643-9520-B467491FC47D}.AppStore|iPhone.ActiveCfg = AppStore|iPhone
		{5EA5CB3B-2726-4643-9520-B467491FC47D}.AppStore|iPhone.Build.0 = AppStore|iPhone
		{5EA5CB3B-2726-4643-9520-B467491FC47D}.AppStore|iPhone.Deploy.0 = AppStore|iPhone
		{5EA5CB3B-2726-4643-9520-B467491FC47D}.Debug|Any CPU.ActiveCfg = Debug|iPhoneSimulator
		{5EA5CB3B-2726-4643-9520-B467491FC47D}.Debug|Any CPU.Build.0 = Debug|iPhoneSimulator
		{5EA5CB3B-2726-4643-9520-B467491FC47D}.Debug|Any CPU.Deploy.0 = Debug|iPhoneSimulator
		{5EA5CB3B-2726-4643-9520-B467491FC47D}.Debug|iPhone.ActiveCfg = Debug|iPhone
		{5EA5CB3B-2726-4643-9520-B467491FC47D}.Debug|iPhone.Build.0 = Debug|iPhone
		{5EA5CB3B-2726-4643-9520-B467491FC47D}.Debug|iPhone.Deploy.0 = Debug|iPhone
		{5EA5CB3B-2726-4643-9520-B467491FC47D}.Debug|iPhoneSimulator.ActiveCfg = Debug|iPhoneSimulator
		{5EA5CB3B-2726-4643-9520-B467491FC47D}.Debug|iPhoneSimulator.Build.0 = Debug|iPhoneSimulator
		{5EA5CB3B-2726-4643-9520-B467491FC47D}.Debug|iPhoneSimulator.Deploy.0 = Debug|iPhoneSimulator
		{5EA5CB3B-2726-4643-9520-B467491FC47D}.Release|Any CPU.ActiveCfg = Release|iPhoneSimulator
		{5EA5CB3B-2726-4643-9520-B467491FC47D}.Release|Any CPU.Build.0 = Release|iPhoneSimulator
		{5EA5CB3B-2726-4643-9520-B467491FC47D}.Release|Any CPU.Deploy.0 = Release|iPhoneSimulator
		{5EA5CB3B-2726-4643-9520-B467491FC47D}.Release|iPhone.ActiveCfg = Release|iPhone
		{5EA5CB3B-2726-4643-9520-B467491FC47D}.Release|iPhone.Build.0 = Release|iPhone
		{5EA5CB3B-2726-4643-9520-B467491FC47D}.Release|iPhone.Deploy.0 = Release|iPhone
		{5EA5CB3B-2726-4643-9520-B467491FC47D}.Release|iPhoneSimulator.ActiveCfg = Release|iPhoneSimulator
		{5EA5CB3B-2726-4643-9520-B467491FC47D}.Release|iPhoneSimulator.Build.0 = Release|iPhoneSimulator
		{5EA5CB3B-2726-4643-9520-B467491FC47D}.Release|iPhoneSimulator.Deploy.0 = Release|iPhoneSimulator
	EndGlobalSection
EndGlobal
